
Microsoft Visual Studio Solution File, Format Version 12.00
# Visual Studio Version 16
VisualStudioVersion = 16.0.30907.101
MinimumVisualStudioVersion = 10.0.40219.1
Project("{FAE04EC0-301F-11D3-BF4B-00C04F79EFBC}") = "SingleResponsibility", "SingleResponsibility\SingleResponsibility.csproj", "{A3D36A99-7162-405E-994F-06DAADFF651C}"
EndProject
Project("{FAE04EC0-301F-11D3-BF4B-00C04F79EFBC}") = "OpenClose", "OpenClose\OpenClose.csproj", "{75BCAA32-907C-4BE2-AE39-F368B2B4F4F6}"
EndProject
Project("{FAE04EC0-301F-11D3-BF4B-00C04F79EFBC}") = "LiskovSubstitution", "LiskovSubstitution\LiskovSubstitution.csproj", "{744D80C2-07D8-45E0-9569-5CD33066FDD0}"
EndProject
Project("{FAE04EC0-301F-11D3-BF4B-00C04F79EFBC}") = "InterfaceSegregation", "InterfaceSegregation\InterfaceSegregation.csproj", "{FB8FBE94-0664-4119-B076-C152D7B88C98}"
EndProject
Project("{FAE04EC0-301F-11D3-BF4B-00C04F79EFBC}") = "DependencyInversion", "DependencyInversion\DependencyInversion.csproj", "{938284F1-E951-41D0-8723-1875DEF1BFE9}"
EndProject
Global
	GlobalSection(SolutionConfigurationPlatforms) = preSolution
		Debug|Any CPU = Debug|Any CPU
		Release|Any CPU = Release|Any CPU
	EndGlobalSection
	GlobalSection(ProjectConfigurationPlatforms) = postSolution
		{A3D36A99-7162-405E-994F-06DAADFF651C}.Debug|Any CPU.ActiveCfg = Debug|Any CPU
		{A3D36A99-7162-405E-994F-06DAADFF651C}.Debug|Any CPU.Build.0 = Debug|Any CPU
		{A3D36A99-7162-405E-994F-06DAADFF651C}.Release|Any CPU.ActiveCfg = Release|Any CPU
		{A3D36A99-7162-405E-994F-06DAADFF651C}.Release|Any CPU.Build.0 = Release|Any CPU
		{75BCAA32-907C-4BE2-AE39-F368B2B4F4F6}.Debug|Any CPU.ActiveCfg = Debug|Any CPU
		{75BCAA32-907C-4BE2-AE39-F368B2B4F4F6}.Debug|Any CPU.Build.0 = Debug|Any CPU
		{75BCAA32-907C-4BE2-AE39-F368B2B4F4F6}.Release|Any CPU.ActiveCfg = Release|Any CPU
		{75BCAA32-907C-4BE2-AE39-F368B2B4F4F6}.Release|Any CPU.Build.0 = Release|Any CPU
		{744D80C2-07D8-45E0-9569-5CD33066FDD0}.Debug|Any CPU.ActiveCfg = Debug|Any CPU
		{744D80C2-07D8-45E0-9569-5CD33066FDD0}.Debug|Any CPU.Build.0 = Debug|Any CPU
		{744D80C2-07D8-45E0-9569-5CD33066FDD0}.Release|Any CPU.ActiveCfg = Release|Any CPU
		{744D80C2-07D8-45E0-9569-5CD33066FDD0}.Release|Any CPU.Build.0 = Release|Any CPU
		{FB8FBE94-0664-4119-B076-C152D7B88C98}.Debug|Any CPU.ActiveCfg = Debug|Any CPU
		{FB8FBE94-0664-4119-B076-C152D7B88C98}.Debug|Any CPU.Build.0 = Debug|Any CPU
		{FB8FBE94-0664-4119-B076-C152D7B88C98}.Release|Any CPU.ActiveCfg = Release|Any CPU
		{FB8FBE94-0664-4119-B076-C152D7B88C98}.Release|Any CPU.Build.0 = Release|Any CPU
		{938284F1-E951-41D0-8723-1875DEF1BFE9}.Debug|Any CPU.ActiveCfg = Debug|Any CPU
		{938284F1-E951-41D0-8723-1875DEF1BFE9}.Debug|Any CPU.Build.0 = Debug|Any CPU
		{938284F1-E951-41D0-8723-1875DEF1BFE9}.Release|Any CPU.ActiveCfg = Release|Any CPU
		{938284F1-E951-41D0-8723-1875DEF1BFE9}.Release|Any CPU.Build.0 = Release|Any CPU
	EndGlobalSection
	GlobalSection(SolutionProperties) = preSolution
		HideSolutionNode = FALSE
	EndGlobalSection
	GlobalSection(ExtensibilityGlobals) = postSolution
		SolutionGuid = {F00DDDB2-3961-4462-9999-23E1D4E2700A}
	EndGlobalSection
EndGlobal
